
Microsoft Visual Studio Solution File, Format Version 12.00
Project("{FAE04EC0-301F-11D3-BF4B-00C04F79EFBC}") = "ESHelpers", "ESHelpers\ESHelpers.csproj", "{9C57ABF8-FC21-46C1-A67C-1A523A1A4F22}"
EndProject
Project("{FAE04EC0-301F-11D3-BF4B-00C04F79EFBC}") = "ESHelpersTests", "ESHelpersTests\ESHelpersTests.csproj", "{AA33567B-A3F3-4A47-9295-D6545D68E0A1}"
EndProject
Global
	GlobalSection(SolutionConfigurationPlatforms) = preSolution
		Debug|Any CPU = Debug|Any CPU
		Release|Any CPU = Release|Any CPU
	EndGlobalSection
	GlobalSection(ProjectConfigurationPlatforms) = postSolution
		{9C57ABF8-FC21-46C1-A67C-1A523A1A4F22}.Debug|Any CPU.ActiveCfg = Debug|Any CPU
		{9C57ABF8-FC21-46C1-A67C-1A523A1A4F22}.Debug|Any CPU.Build.0 = Debug|Any CPU
		{9C57ABF8-FC21-46C1-A67C-1A523A1A4F22}.Release|Any CPU.ActiveCfg = Release|Any CPU
		{9C57ABF8-FC21-46C1-A67C-1A523A1A4F22}.Release|Any CPU.Build.0 = Release|Any CPU
		{AA33567B-A3F3-4A47-9295-D6545D68E0A1}.Debug|Any CPU.ActiveCfg = Debug|Any CPU
		{AA33567B-A3F3-4A47-9295-D6545D68E0A1}.Debug|Any CPU.Build.0 = Debug|Any CPU
		{AA33567B-A3F3-4A47-9295-D6545D68E0A1}.Release|Any CPU.ActiveCfg = Release|Any CPU
		{AA33567B-A3F3-4A47-9295-D6545D68E0A1}.Release|Any CPU.Build.0 = Release|Any CPU
	EndGlobalSection
EndGlobal
